
Microsoft Visual Studio Solution File, Format Version 12.00
# Visual Studio Express 2013 for Windows Desktop
VisualStudioVersion = 12.0.40629.0
MinimumVisualStudioVersion = 10.0.40219.1
Project("{8BC9CEB8-8B4A-11D0-8D11-00A0C91BC942}") = "Infix to postfix expression translator", "Infix to postfix expression translator\Infix to postfix expression translator.vcxproj", "{D4CFA961-DF57-43FA-84C7-3ED45414B8AE}"
EndProject
Global
	GlobalSection(SolutionConfigurationPlatforms) = preSolution
		Debug|Win32 = Debug|Win32
		Release|Win32 = Release|Win32
	EndGlobalSection
	GlobalSection(ProjectConfigurationPlatforms) = postSolution
		{D4CFA961-DF57-43FA-84C7-3ED45414B8AE}.Debug|Win32.ActiveCfg = Debug|Win32
		{D4CFA961-DF57-43FA-84C7-3ED45414B8AE}.Debug|Win32.Build.0 = Debug|Win32
		{D4CFA961-DF57-43FA-84C7-3ED45414B8AE}.Release|Win32.ActiveCfg = Release|Win32
		{D4CFA961-DF57-43FA-84C7-3ED45414B8AE}.Release|Win32.Build.0 = Release|Win32
	EndGlobalSection
	GlobalSection(SolutionProperties) = preSolution
		HideSolutionNode = FALSE
	EndGlobalSection
EndGlobal
